
Microsoft Visual Studio Solution File, Format Version 12.00
# Visual Studio 15
Project("{FAE04EC0-301F-11D3-BF4B-00C04F79EFBC}") = "Assembly-CSharp", "Assembly-CSharp.csproj", "{81E4513B-23A8-7332-6141-3CAD23A9E5C0}"
EndProject
Project("{FAE04EC0-301F-11D3-BF4B-00C04F79EFBC}") = "Assembly-CSharp-firstpass", "Assembly-CSharp-firstpass.csproj", "{50107566-7EF8-4A94-5D60-367291C1052E}"
EndProject
Project("{FAE04EC0-301F-11D3-BF4B-00C04F79EFBC}") = "UMotionSourceApplication", "UMotionSourceApplication.csproj", "{76010DC2-FCC2-A514-0722-12908DD28A63}"
EndProject
Project("{FAE04EC0-301F-11D3-BF4B-00C04F79EFBC}") = "UMotionSourceEditor", "UMotionSourceEditor.csproj", "{BD370BC1-DB1B-6434-AB3E-5194516573D7}"
EndProject
Global
	GlobalSection(SolutionConfigurationPlatforms) = preSolution
		Debug|Any CPU = Debug|Any CPU
		Release|Any CPU = Release|Any CPU
	EndGlobalSection
	GlobalSection(ProjectConfigurationPlatforms) = postSolution
		{81E4513B-23A8-7332-6141-3CAD23A9E5C0}.Debug|Any CPU.ActiveCfg = Debug|Any CPU
		{81E4513B-23A8-7332-6141-3CAD23A9E5C0}.Debug|Any CPU.Build.0 = Debug|Any CPU
		{81E4513B-23A8-7332-6141-3CAD23A9E5C0}.Release|Any CPU.ActiveCfg = Release|Any CPU
		{81E4513B-23A8-7332-6141-3CAD23A9E5C0}.Release|Any CPU.Build.0 = Release|Any CPU
		{50107566-7EF8-4A94-5D60-367291C1052E}.Debug|Any CPU.ActiveCfg = Debug|Any CPU
		{50107566-7EF8-4A94-5D60-367291C1052E}.Debug|Any CPU.Build.0 = Debug|Any CPU
		{50107566-7EF8-4A94-5D60-367291C1052E}.Release|Any CPU.ActiveCfg = Release|Any CPU
		{50107566-7EF8-4A94-5D60-367291C1052E}.Release|Any CPU.Build.0 = Release|Any CPU
		{76010DC2-FCC2-A514-0722-12908DD28A63}.Debug|Any CPU.ActiveCfg = Debug|Any CPU
		{76010DC2-FCC2-A514-0722-12908DD28A63}.Debug|Any CPU.Build.0 = Debug|Any CPU
		{76010DC2-FCC2-A514-0722-12908DD28A63}.Release|Any CPU.ActiveCfg = Release|Any CPU
		{76010DC2-FCC2-A514-0722-12908DD28A63}.Release|Any CPU.Build.0 = Release|Any CPU
		{BD370BC1-DB1B-6434-AB3E-5194516573D7}.Debug|Any CPU.ActiveCfg = Debug|Any CPU
		{BD370BC1-DB1B-6434-AB3E-5194516573D7}.Debug|Any CPU.Build.0 = Debug|Any CPU
		{BD370BC1-DB1B-6434-AB3E-5194516573D7}.Release|Any CPU.ActiveCfg = Release|Any CPU
		{BD370BC1-DB1B-6434-AB3E-5194516573D7}.Release|Any CPU.Build.0 = Release|Any CPU
	EndGlobalSection
	GlobalSection(SolutionProperties) = preSolution
		HideSolutionNode = FALSE
	EndGlobalSection
EndGlobal
